
Microsoft Visual Studio Solution File, Format Version 12.00
# Visual Studio Version 16
VisualStudioVersion = 16.0.30011.22
MinimumVisualStudioVersion = 10.0.40219.1
Project("{FAE04EC0-301F-11D3-BF4B-00C04F79EFBC}") = "KronaizlAsng8", "KronaizlAsng8.csproj", "{8880D330-9606-4C87-A9A4-6A2D07B9DC38}"
EndProject
Global
	GlobalSection(SolutionConfigurationPlatforms) = preSolution
		Debug|Any CPU = Debug|Any CPU
		Release|Any CPU = Release|Any CPU
	EndGlobalSection
	GlobalSection(ProjectConfigurationPlatforms) = postSolution
		{8880D330-9606-4C87-A9A4-6A2D07B9DC38}.Debug|Any CPU.ActiveCfg = Debug|Any CPU
		{8880D330-9606-4C87-A9A4-6A2D07B9DC38}.Debug|Any CPU.Build.0 = Debug|Any CPU
		{8880D330-9606-4C87-A9A4-6A2D07B9DC38}.Release|Any CPU.ActiveCfg = Release|Any CPU
		{8880D330-9606-4C87-A9A4-6A2D07B9DC38}.Release|Any CPU.Build.0 = Release|Any CPU
	EndGlobalSection
	GlobalSection(SolutionProperties) = preSolution
		HideSolutionNode = FALSE
	EndGlobalSection
	GlobalSection(ExtensibilityGlobals) = postSolution
		SolutionGuid = {775E6DB1-BF7F-415E-AAC8-DAF862C33223}
	EndGlobalSection
EndGlobal
